
Microsoft Visual Studio Solution File, Format Version 12.00
# Visual Studio Version 16
VisualStudioVersion = 16.0.31005.135
MinimumVisualStudioVersion = 10.0.40219.1
Project("{FAE04EC0-301F-11D3-BF4B-00C04F79EFBC}") = "DragDrop", "DragDrop\DragDrop.csproj", "{B3F79E87-8C5D-4F46-B045-E47D82117398}"
EndProject
Project("{FAE04EC0-301F-11D3-BF4B-00C04F79EFBC}") = "CustomContextMenu", "CustomContextMenu\CustomContextMenu.csproj", "{178A567E-0E85-4399-B70B-B012EEAAA633}"
EndProject
Global
	GlobalSection(SolutionConfigurationPlatforms) = preSolution
		Debug|Any CPU = Debug|Any CPU
		Release|Any CPU = Release|Any CPU
	EndGlobalSection
	GlobalSection(ProjectConfigurationPlatforms) = postSolution
		{B3F79E87-8C5D-4F46-B045-E47D82117398}.Debug|Any CPU.ActiveCfg = Debug|Any CPU
		{B3F79E87-8C5D-4F46-B045-E47D82117398}.Debug|Any CPU.Build.0 = Debug|Any CPU
		{B3F79E87-8C5D-4F46-B045-E47D82117398}.Release|Any CPU.ActiveCfg = Release|Any CPU
		{B3F79E87-8C5D-4F46-B045-E47D82117398}.Release|Any CPU.Build.0 = Release|Any CPU
		{178A567E-0E85-4399-B70B-B012EEAAA633}.Debug|Any CPU.ActiveCfg = Debug|Any CPU
		{178A567E-0E85-4399-B70B-B012EEAAA633}.Debug|Any CPU.Build.0 = Debug|Any CPU
		{178A567E-0E85-4399-B70B-B012EEAAA633}.Release|Any CPU.ActiveCfg = Release|Any CPU
		{178A567E-0E85-4399-B70B-B012EEAAA633}.Release|Any CPU.Build.0 = Release|Any CPU
	EndGlobalSection
	GlobalSection(SolutionProperties) = preSolution
		HideSolutionNode = FALSE
	EndGlobalSection
	GlobalSection(ExtensibilityGlobals) = postSolution
		SolutionGuid = {FEB08112-00CD-4268-9591-AFBEC8018884}
	EndGlobalSection
EndGlobal
